
Microsoft Visual Studio Solution File, Format Version 12.00
# Visual Studio 15
VisualStudioVersion = 15.0.26403.7
MinimumVisualStudioVersion = 10.0.40219.1
Project("{FAE04EC0-301F-11D3-BF4B-00C04F79EFBC}") = "GFT.DatabaseConnect.Web", "GFT.DatabaseConnect.Web\GFT.DatabaseConnect.Web.csproj", "{D23DBF88-C874-48D4-A50E-50C59188C6F5}"
EndProject
Project("{FAE04EC0-301F-11D3-BF4B-00C04F79EFBC}") = "GFT.DatabaseConnect.Migrations", "GFT.DatabaseConnect.Migrations\GFT.DatabaseConnect.Migrations.csproj", "{1927CD72-38D8-4A8A-8D67-66E5B4D22FD2}"
EndProject
Global
	GlobalSection(SolutionConfigurationPlatforms) = preSolution
		Debug|Any CPU = Debug|Any CPU
		Release|Any CPU = Release|Any CPU
	EndGlobalSection
	GlobalSection(ProjectConfigurationPlatforms) = postSolution
		{D23DBF88-C874-48D4-A50E-50C59188C6F5}.Debug|Any CPU.ActiveCfg = Debug|Any CPU
		{D23DBF88-C874-48D4-A50E-50C59188C6F5}.Debug|Any CPU.Build.0 = Debug|Any CPU
		{D23DBF88-C874-48D4-A50E-50C59188C6F5}.Release|Any CPU.ActiveCfg = Release|Any CPU
		{D23DBF88-C874-48D4-A50E-50C59188C6F5}.Release|Any CPU.Build.0 = Release|Any CPU
		{1927CD72-38D8-4A8A-8D67-66E5B4D22FD2}.Debug|Any CPU.ActiveCfg = Debug|Any CPU
		{1927CD72-38D8-4A8A-8D67-66E5B4D22FD2}.Debug|Any CPU.Build.0 = Debug|Any CPU
		{1927CD72-38D8-4A8A-8D67-66E5B4D22FD2}.Release|Any CPU.ActiveCfg = Release|Any CPU
		{1927CD72-38D8-4A8A-8D67-66E5B4D22FD2}.Release|Any CPU.Build.0 = Release|Any CPU
	EndGlobalSection
	GlobalSection(SolutionProperties) = preSolution
		HideSolutionNode = FALSE
	EndGlobalSection
EndGlobal
